
Microsoft Visual Studio Solution File, Format Version 12.00
# Visual Studio Version 17
VisualStudioVersion = 17.11.35303.130
MinimumVisualStudioVersion = 10.0.40219.1
Project("{FAE04EC0-301F-11D3-BF4B-00C04F79EFBC}") = "Project 1", "Project 1\Project 1.csproj", "{5086D89F-EDB3-43C9-8D03-13AE97F9332B}"
EndProject
Project("{FAE04EC0-301F-11D3-BF4B-00C04F79EFBC}") = "Project 2", "Project 2\Project 2.csproj", "{11DCCD7B-E40C-48AC-9CEB-8236CB8A24E8}"
EndProject
Global
	GlobalSection(SolutionConfigurationPlatforms) = preSolution
		Debug|Any CPU = Debug|Any CPU
		Release|Any CPU = Release|Any CPU
	EndGlobalSection
	GlobalSection(ProjectConfigurationPlatforms) = postSolution
		{5086D89F-EDB3-43C9-8D03-13AE97F9332B}.Debug|Any CPU.ActiveCfg = Debug|Any CPU
		{5086D89F-EDB3-43C9-8D03-13AE97F9332B}.Debug|Any CPU.Build.0 = Debug|Any CPU
		{5086D89F-EDB3-43C9-8D03-13AE97F9332B}.Release|Any CPU.ActiveCfg = Release|Any CPU
		{5086D89F-EDB3-43C9-8D03-13AE97F9332B}.Release|Any CPU.Build.0 = Release|Any CPU
		{11DCCD7B-E40C-48AC-9CEB-8236CB8A24E8}.Debug|Any CPU.ActiveCfg = Debug|Any CPU
		{11DCCD7B-E40C-48AC-9CEB-8236CB8A24E8}.Debug|Any CPU.Build.0 = Debug|Any CPU
		{11DCCD7B-E40C-48AC-9CEB-8236CB8A24E8}.Release|Any CPU.ActiveCfg = Release|Any CPU
		{11DCCD7B-E40C-48AC-9CEB-8236CB8A24E8}.Release|Any CPU.Build.0 = Release|Any CPU
	EndGlobalSection
	GlobalSection(SolutionProperties) = preSolution
		HideSolutionNode = FALSE
	EndGlobalSection
	GlobalSection(ExtensibilityGlobals) = postSolution
		SolutionGuid = {E932F930-9AA5-4D8F-A7D1-3B3CC1EF49AE}
	EndGlobalSection
EndGlobal
